
Microsoft Visual Studio Solution File, Format Version 12.00
# Visual Studio Version 16
VisualStudioVersion = 16.0.29806.167
MinimumVisualStudioVersion = 10.0.40219.1
Project("{FAE04EC0-301F-11D3-BF4B-00C04F79EFBC}") = "HackathonCrossBrowser", "HackathonCrossBrowser\HackathonCrossBrowser.csproj", "{1DF289A0-3C6D-4BF1-A7DF-BDDA74161C5A}"
EndProject
Global
	GlobalSection(SolutionConfigurationPlatforms) = preSolution
		Debug|Any CPU = Debug|Any CPU
		Release|Any CPU = Release|Any CPU
	EndGlobalSection
	GlobalSection(ProjectConfigurationPlatforms) = postSolution
		{1DF289A0-3C6D-4BF1-A7DF-BDDA74161C5A}.Debug|Any CPU.ActiveCfg = Debug|Any CPU
		{1DF289A0-3C6D-4BF1-A7DF-BDDA74161C5A}.Debug|Any CPU.Build.0 = Debug|Any CPU
		{1DF289A0-3C6D-4BF1-A7DF-BDDA74161C5A}.Release|Any CPU.ActiveCfg = Release|Any CPU
		{1DF289A0-3C6D-4BF1-A7DF-BDDA74161C5A}.Release|Any CPU.Build.0 = Release|Any CPU
	EndGlobalSection
	GlobalSection(SolutionProperties) = preSolution
		HideSolutionNode = FALSE
	EndGlobalSection
	GlobalSection(ExtensibilityGlobals) = postSolution
		SolutionGuid = {59435716-F912-44DD-B84C-DE6E00D78F50}
	EndGlobalSection
EndGlobal
